// !$*UTF8*$!
{
	archiveVersion = 1;
	classes = {
	};
	objectVersion = 46;
	objects = {

/* Begin PBXBuildFile section */
		EC01B28D1F57ECCB00136B35 /* main.m in Sources */ = {isa = PBXBuildFile; fileRef = EC01B28C1F57ECCB00136B35 /* main.m */; };
		EC01B2901F57ECCB00136B35 /* AppDelegate.m in Sources */ = {isa = PBXBuildFile; fileRef = EC01B28F1F57ECCB00136B35 /* AppDelegate.m */; };
		EC01B2931F57ECCB00136B35 /* ViewController.mm in Sources */ = {isa = PBXBuildFile; fileRef = EC01B2921F57ECCB00136B35 /* ViewController.mm */; };
		EC01B2961F57ECCB00136B35 /* Main.storyboard in Resources */ = {isa = PBXBuildFile; fileRef = EC01B2941F57ECCB00136B35 /* Main.storyboard */; };
		EC01B2981F57ECCB00136B35 /* Assets.xcassets in Resources */ = {isa = PBXBuildFile; fileRef = EC01B2971F57ECCB00136B35 /* Assets.xcassets */; };
		EC01B29B1F57ECCB00136B35 /* LaunchScreen.storyboard in Resources */ = {isa = PBXBuildFile; fileRef = EC01B2991F57ECCB00136B35 /* LaunchScreen.storyboard */; };
		EC01B2A91F57ECEA00136B35 /* GLView.mm in Sources */ = {isa = PBXBuildFile; fileRef = EC01B2A31F57ECEA00136B35 /* GLView.mm */; };
		EC01B2AB1F57ECEA00136B35 /* RenderingEngine1.cpp in Sources */ = {isa = PBXBuildFile; fileRef = EC01B2A71F57ECEA00136B35 /* RenderingEngine1.cpp */; };
		EC01B2AC1F57ECEA00136B35 /* RenderingEngine2.cpp in Sources */ = {isa = PBXBuildFile; fileRef = EC01B2A81F57ECEA00136B35 /* RenderingEngine2.cpp */; };
		EC01B2B01F57ECF700136B35 /* Simple.frag in Resources */ = {isa = PBXBuildFile; fileRef = EC01B2AE1F57ECF700136B35 /* Simple.frag */; };
		EC01B2B11F57ECF700136B35 /* Simple.vert in Resources */ = {isa = PBXBuildFile; fileRef = EC01B2AF1F57ECF700136B35 /* Simple.vert */; };
		EC01B2B41F57EDD200136B35 /* OpenGLES.framework in Frameworks */ = {isa = PBXBuildFile; fileRef = EC01B2B31F57EDD200136B35 /* OpenGLES.framework */; };
		EC01B2B61F57EDD800136B35 /* QuartzCore.framework in Frameworks */ = {isa = PBXBuildFile; fileRef = EC01B2B51F57EDD800136B35 /* QuartzCore.framework */; };
/* End PBXBuildFile section */

/* Begin PBXFileReference section */
		EC01B2881F57ECCB00136B35 /* HelloArrow.app */ = {isa = PBXFileReference; explicitFileType = wrapper.application; includeInIndex = 0; path = HelloArrow.app; sourceTree = BUILT_PRODUCTS_DIR; };
		EC01B28C1F57ECCB00136B35 /* main.m */ = {isa = PBXFileReference; lastKnownFileType = sourcecode.c.objc; path = main.m; sourceTree = "<group>"; };
		EC01B28E1F57ECCB00136B35 /* AppDelegate.h */ = {isa = PBXFileReference; lastKnownFileType = sourcecode.c.h; path = AppDelegate.h; sourceTree = "<group>"; };
		EC01B28F1F57ECCB00136B35 /* AppDelegate.m */ = {isa = PBXFileReference; lastKnownFileType = sourcecode.c.objc; path = AppDelegate.m; sourceTree = "<group>"; };
		EC01B2911F57ECCB00136B35 /* ViewController.h */ = {isa = PBXFileReference; lastKnownFileType = sourcecode.c.h; path = ViewController.h; sourceTree = "<group>"; };
		EC01B2921F57ECCB00136B35 /* ViewController.mm */ = {isa = PBXFileReference; lastKnownFileType = sourcecode.cpp.objcpp; path = ViewController.mm; sourceTree = "<group>"; };
		EC01B2951F57ECCB00136B35 /* Base */ = {isa = PBXFileReference; lastKnownFileType = file.storyboard; name = Base; path = Base.lproj/Main.storyboard; sourceTree = "<group>"; };
		EC01B2971F57ECCB00136B35 /* Assets.xcassets */ = {isa = PBXFileReference; lastKnownFileType = folder.assetcatalog; path = Assets.xcassets; sourceTree = "<group>"; };
		EC01B29A1F57ECCB00136B35 /* Base */ = {isa = PBXFileReference; lastKnownFileType = file.storyboard; name = Base; path = Base.lproj/LaunchScreen.storyboard; sourceTree = "<group>"; };
		EC01B29C1F57ECCB00136B35 /* Info.plist */ = {isa = PBXFileReference; lastKnownFileType = text.plist.xml; path = Info.plist; sourceTree = "<group>"; };
		EC01B2A21F57ECEA00136B35 /* GLView.h */ = {isa = PBXFileReference; fileEncoding = 4; lastKnownFileType = sourcecode.c.h; path = GLView.h; sourceTree = "<group>"; };
		EC01B2A31F57ECEA00136B35 /* GLView.mm */ = {isa = PBXFileReference; fileEncoding = 4; lastKnownFileType = sourcecode.cpp.objcpp; path = GLView.mm; sourceTree = "<group>"; };
		EC01B2A61F57ECEA00136B35 /* IRenderingEngine.hpp */ = {isa = PBXFileReference; fileEncoding = 4; lastKnownFileType = sourcecode.cpp.h; path = IRenderingEngine.hpp; sourceTree = "<group>"; };
		EC01B2A71F57ECEA00136B35 /* RenderingEngine1.cpp */ = {isa = PBXFileReference; fileEncoding = 4; lastKnownFileType = sourcecode.cpp.cpp; path = RenderingEngine1.cpp; sourceTree = "<group>"; };
		EC01B2A81F57ECEA00136B35 /* RenderingEngine2.cpp */ = {isa = PBXFileReference; fileEncoding = 4; lastKnownFileType = sourcecode.cpp.cpp; path = RenderingEngine2.cpp; sourceTree = "<group>"; };
		EC01B2AE1F57ECF700136B35 /* Simple.frag */ = {isa = PBXFileReference; fileEncoding = 4; lastKnownFileType = sourcecode.glsl; path = Simple.frag; sourceTree = "<group>"; };
		EC01B2AF1F57ECF700136B35 /* Simple.vert */ = {isa = PBXFileReference; fileEncoding = 4; lastKnownFileType = sourcecode.glsl; path = Simple.vert; sourceTree = "<group>"; };
		EC01B2B31F57EDD200136B35 /* OpenGLES.framework */ = {isa = PBXFileReference; lastKnownFileType = wrapper.framework; name = OpenGLES.framework; path = System/Library/Frameworks/OpenGLES.framework; sourceTree = SDKROOT; };
		EC01B2B51F57EDD800136B35 /* QuartzCore.framework */ = {isa = PBXFileReference; lastKnownFileType = wrapper.framework; name = QuartzCore.framework; path = System/Library/Frameworks/QuartzCore.framework; sourceTree = SDKROOT; };
		EC01B2B71F57F4F800136B35 /* Matrix.hpp */ = {isa = PBXFileReference; lastKnownFileType = sourcecode.cpp.h; path = Matrix.hpp; sourceTree = "<group>"; };
		EC01B2B81F57F4F800136B35 /* Quaternion.hpp */ = {isa = PBXFileReference; lastKnownFileType = sourcecode.cpp.h; path = Quaternion.hpp; sourceTree = "<group>"; };
		EC01B2B91F57F4F800136B35 /* Vector.hpp */ = {isa = PBXFileReference; lastKnownFileType = sourcecode.cpp.h; path = Vector.hpp; sourceTree = "<group>"; };
/* End PBXFileReference section */

/* Begin PBXFrameworksBuildPhase section */
		EC01B2851F57ECCB00136B35 /* Frameworks */ = {
			isa = PBXFrameworksBuildPhase;
			buildActionMask = 2147483647;
			files = (
				EC01B2B61F57EDD800136B35 /* QuartzCore.framework in Frameworks */,
				EC01B2B41F57EDD200136B35 /* OpenGLES.framework in Frameworks */,
			);
			runOnlyForDeploymentPostprocessing = 0;
		};
/* End PBXFrameworksBuildPhase section */

/* Begin PBXGroup section */
		EC01B27F1F57ECCB00136B35 = {
			isa = PBXGroup;
			children = (
				EC01B28A1F57ECCB00136B35 /* HelloArrow */,
				EC01B2891F57ECCB00136B35 /* Products */,
				EC01B2B21F57EDD100136B35 /* Frameworks */,
			);
			sourceTree = "<group>";
		};
		EC01B2891F57ECCB00136B35 /* Products */ = {
			isa = PBXGroup;
			children = (
				EC01B2881F57ECCB00136B35 /* HelloArrow.app */,
			);
			name = Products;
			sourceTree = "<group>";
		};
		EC01B28A1F57ECCB00136B35 /* HelloArrow */ = {
			isa = PBXGroup;
			children = (
				EC01B2AD1F57ECF700136B35 /* Shaders */,
				EC01B2A21F57ECEA00136B35 /* GLView.h */,
				EC01B2A31F57ECEA00136B35 /* GLView.mm */,
				EC01B2A61F57ECEA00136B35 /* IRenderingEngine.hpp */,
				EC01B2A71F57ECEA00136B35 /* RenderingEngine1.cpp */,
				EC01B2A81F57ECEA00136B35 /* RenderingEngine2.cpp */,
				EC01B28E1F57ECCB00136B35 /* AppDelegate.h */,
				EC01B28F1F57ECCB00136B35 /* AppDelegate.m */,
				EC01B2911F57ECCB00136B35 /* ViewController.h */,
				EC01B2921F57ECCB00136B35 /* ViewController.mm */,
				EC01B2B71F57F4F800136B35 /* Matrix.hpp */,
				EC01B2B81F57F4F800136B35 /* Quaternion.hpp */,
				EC01B2B91F57F4F800136B35 /* Vector.hpp */,
				EC01B2941F57ECCB00136B35 /* Main.storyboard */,
				EC01B2971F57ECCB00136B35 /* Assets.xcassets */,
				EC01B2991F57ECCB00136B35 /* LaunchScreen.storyboard */,
				EC01B29C1F57ECCB00136B35 /* Info.plist */,
				EC01B28B1F57ECCB00136B35 /* Supporting Files */,
			);
			path = HelloArrow;
			sourceTree = "<group>";
		};
		EC01B28B1F57ECCB00136B35 /* Supporting Files */ = {
			isa = PBXGroup;
			children = (
				EC01B28C1F57ECCB00136B35 /* main.m */,
			);
			name = "Supporting Files";
			sourceTree = "<group>";
		};
		EC01B2AD1F57ECF700136B35 /* Shaders */ = {
			isa = PBXGroup;
			children = (
				EC01B2AE1F57ECF700136B35 /* Simple.frag */,
				EC01B2AF1F57ECF700136B35 /* Simple.vert */,
			);
			path = Shaders;
			sourceTree = "<group>";
		};
		EC01B2B21F57EDD100136B35 /* Frameworks */ = {
			isa = PBXGroup;
			children = (
				EC01B2B51F57EDD800136B35 /* QuartzCore.framework */,
				EC01B2B31F57EDD200136B35 /* OpenGLES.framework */,
			);
			name = Frameworks;
			sourceTree = "<group>";
		};
/* End PBXGroup section */

/* Begin PBXNativeTarget section */
		EC01B2871F57ECCB00136B35 /* HelloArrow */ = {
			isa = PBXNativeTarget;
			buildConfigurationList = EC01B29F1F57ECCB00136B35 /* Build configuration list for PBXNativeTarget "HelloArrow" */;
			buildPhases = (
				EC01B2841F57ECCB00136B35 /* Sources */,
				EC01B2851F57ECCB00136B35 /* Frameworks */,
				EC01B2861F57ECCB00136B35 /* Resources */,
			);
			buildRules = (
			);
			dependencies = (
			);
			name = HelloArrow;
			productName = HelloArrow;
			productReference = EC01B2881F57ECCB00136B35 /* HelloArrow.app */;
			productType = "com.apple.product-type.application";
		};
/* End PBXNativeTarget section */

/* Begin PBXProject section */
		EC01B2801F57ECCB00136B35 /* Project object */ = {
			isa = PBXProject;
			attributes = {
				LastUpgradeCheck = 0830;
				ORGANIZATIONNAME = "tomy yao";
				TargetAttributes = {
					EC01B2871F57ECCB00136B35 = {
						CreatedOnToolsVersion = 8.3.3;
						DevelopmentTeam = 2EN49MUBLA;
						ProvisioningStyle = Automatic;
					};
				};
			};
			buildConfigurationList = EC01B2831F57ECCB00136B35 /* Build configuration list for PBXProject "HelloArrow" */;
			compatibilityVersion = "Xcode 3.2";
			developmentRegion = English;
			hasScannedForEncodings = 0;
			knownRegions = (
				en,
				Base,
			);
			mainGroup = EC01B27F1F57ECCB00136B35;
			productRefGroup = EC01B2891F57ECCB00136B35 /* Products */;
			projectDirPath = "";
			projectRoot = "";
			targets = (
				EC01B2871F57ECCB00136B35 /* HelloArrow */,
			);
		};
/* End PBXProject section */

/* Begin PBXResourcesBuildPhase section */
		EC01B2861F57ECCB00136B35 /* Resources */ = {
			isa = PBXResourcesBuildPhase;
			buildActionMask = 2147483647;
			files = (
				EC01B29B1F57ECCB00136B35 /* LaunchScreen.storyboard in Resources */,
				EC01B2981F57ECCB00136B35 /* Assets.xcassets in Resources */,
				EC01B2B11F57ECF700136B35 /* Simple.vert in Resources */,
				EC01B2961F57ECCB00136B35 /* Main.storyboard in Resources */,
				EC01B2B01F57ECF700136B35 /* Simple.frag in Resources */,
			);
			runOnlyForDeploymentPostprocessing = 0;
		};
/* End PBXResourcesBuildPhase section */

/* Begin PBXSourcesBuildPhase section */
		EC01B2841F57ECCB00136B35 /* Sources */ = {
			isa = PBXSourcesBuildPhase;
			buildActionMask = 2147483647;
			files = (
				EC01B2931F57ECCB00136B35 /* ViewController.mm in Sources */,
				EC01B2901F57ECCB00136B35 /* AppDelegate.m in Sources */,
				EC01B2AB1F57ECEA00136B35 /* RenderingEngine1.cpp in Sources */,
				EC01B28D1F57ECCB00136B35 /* main.m in Sources */,
				EC01B2A91F57ECEA00136B35 /* GLView.mm in Sources */,
				EC01B2AC1F57ECEA00136B35 /* RenderingEngine2.cpp in Sources */,
			);
			runOnlyForDeploymentPostprocessing = 0;
		};
/* End PBXSourcesBuildPhase section */

/* Begin PBXVariantGroup section */
		EC01B2941F57ECCB00136B35 /* Main.storyboard */ = {
			isa = PBXVariantGroup;
			children = (
				EC01B2951F57ECCB00136B35 /* Base */,
			);
			name = Main.storyboard;
			sourceTree = "<group>";
		};
		EC01B2991F57ECCB00136B35 /* LaunchScreen.storyboard */ = {
			isa = PBXVariantGroup;
			children = (
				EC01B29A1F57ECCB00136B35 /* Base */,
			);
			name = LaunchScreen.storyboard;
			sourceTree = "<group>";
		};
/* End PBXVariantGroup section */

/* Begin XCBuildConfiguration section */
		EC01B29D1F57ECCB00136B35 /* Debug */ = {
			isa = XCBuildConfiguration;
			buildSettings = {
				ALWAYS_SEARCH_USER_PATHS = NO;
				CLANG_ANALYZER_NONNULL = YES;
				CLANG_ANALYZER_NUMBER_OBJECT_CONVERSION = YES_AGGRESSIVE;
				CLANG_CXX_LANGUAGE_STANDARD = "gnu++0x";
				CLANG_CXX_LIBRARY = "libc++";
				CLANG_ENABLE_MODULES = YES;
				CLANG_ENABLE_OBJC_ARC = YES;
				CLANG_WARN_BOOL_CONVERSION = YES;
				CLANG_WARN_CONSTANT_CONVERSION = YES;
				CLANG_WARN_DIRECT_OBJC_ISA_USAGE = YES_ERROR;
				CLANG_WARN_DOCUMENTATION_COMMENTS = YES;
				CLANG_WARN_EMPTY_BODY = YES;
				CLANG_WARN_ENUM_CONVERSION = YES;
				CLANG_WARN_INFINITE_RECURSION = YES;
				CLANG_WARN_INT_CONVERSION = YES;
				CLANG_WARN_OBJC_ROOT_CLASS = YES_ERROR;
				CLANG_WARN_SUSPICIOUS_MOVE = YES;
				CLANG_WARN_UNREACHABLE_CODE = YES;
				CLANG_WARN__DUPLICATE_METHOD_MATCH = YES;
				"CODE_SIGN_IDENTITY[sdk=iphoneos*]" = "iPhone Developer";
				COPY_PHASE_STRIP = NO;
				DEBUG_INFORMATION_FORMAT = dwarf;
				ENABLE_STRICT_OBJC_MSGSEND = YES;
				ENABLE_TESTABILITY = YES;
				GCC_C_LANGUAGE_STANDARD = gnu99;
				GCC_DYNAMIC_NO_PIC = NO;
				GCC_NO_COMMON_BLOCKS = YES;
				GCC_OPTIMIZATION_LEVEL = 0;
				GCC_PREPROCESSOR_DEFINITIONS = (
					"DEBUG=1",
					"$(inherited)",
				);
				GCC_WARN_64_TO_32_BIT_CONVERSION = YES;
				GCC_WARN_ABOUT_RETURN_TYPE = YES_ERROR;
				GCC_WARN_UNDECLARED_SELECTOR = YES;
				GCC_WARN_UNINITIALIZED_AUTOS = YES_AGGRESSIVE;
				GCC_WARN_UNUSED_FUNCTION = YES;
				GCC_WARN_UNUSED_VARIABLE = YES;
				IPHONEOS_DEPLOYMENT_TARGET = 10.3;
				MTL_ENABLE_DEBUG_INFO = YES;
				ONLY_ACTIVE_ARCH = YES;
				SDKROOT = iphoneos;
				TARGETED_DEVICE_FAMILY = "1,2";
			};
			name = Debug;
		};
		EC01B29E1F57ECCB00136B35 /* Release */ = {
			isa = XCBuildConfiguration;
			buildSettings = {
				ALWAYS_SEARCH_USER_PATHS = NO;
				CLANG_ANALYZER_NONNULL = YES;
				CLANG_ANALYZER_NUMBER_OBJECT_CONVERSION = YES_AGGRESSIVE;
				CLANG_CXX_LANGUAGE_STANDARD = "gnu++0x";
				CLANG_CXX_LIBRARY = "libc++";
				CLANG_ENABLE_MODULES = YES;
				CLANG_ENABLE_OBJC_ARC = YES;
				CLANG_WARN_BOOL_CONVERSION = YES;
				CLANG_WARN_CONSTANT_CONVERSION = YES;
				CLANG_WARN_DIRECT_OBJC_ISA_USAGE = YES_ERROR;
				CLANG_WARN_DOCUMENTATION_COMMENTS = YES;
				CLANG_WARN_EMPTY_BODY = YES;
				CLANG_WARN_ENUM_CONVERSION = YES;
				CLANG_WARN_INFINITE_RECURSION = YES;
				CLANG_WARN_INT_CONVERSION = YES;
				CLANG_WARN_OBJC_ROOT_CLASS = YES_ERROR;
				CLANG_WARN_SUSPICIOUS_MOVE = YES;
				CLANG_WARN_UNREACHABLE_CODE = YES;
				CLANG_WARN__DUPLICATE_METHOD_MATCH = YES;
				"CODE_SIGN_IDENTITY[sdk=iphoneos*]" = "iPhone Developer";
				COPY_PHASE_STRIP = NO;
				DEBUG_INFORMATION_FORMAT = "dwarf-with-dsym";
				ENABLE_NS_ASSERTIONS = NO;
				ENABLE_STRICT_OBJC_MSGSEND = YES;
				GCC_C_LANGUAGE_STANDARD = gnu99;
				GCC_NO_COMMON_BLOCKS = YES;
				GCC_WARN_64_TO_32_BIT_CONVERSION = YES;
				GCC_WARN_ABOUT_RETURN_TYPE = YES_ERROR;
				GCC_WARN_UNDECLARED_SELECTOR = YES;
				GCC_WARN_UNINITIALIZED_AUTOS = YES_AGGRESSIVE;
				GCC_WARN_UNUSED_FUNCTION = YES;
				GCC_WARN_UNUSED_VARIABLE = YES;
				IPHONEOS_DEPLOYMENT_TARGET = 10.3;
				MTL_ENABLE_DEBUG_INFO = NO;
				SDKROOT = iphoneos;
				TARGETED_DEVICE_FAMILY = "1,2";
				VALIDATE_PRODUCT = YES;
			};
			name = Release;
		};
		EC01B2A01F57ECCB00136B35 /* Debug */ = {
			isa = XCBuildConfiguration;
			buildSettings = {
				ASSETCATALOG_COMPILER_APPICON_NAME = AppIcon;
				DEVELOPMENT_TEAM = 2EN49MUBLA;
				INFOPLIST_FILE = HelloArrow/Info.plist;
				LD_RUNPATH_SEARCH_PATHS = "$(inherited) @executable_path/Frameworks";
				PRODUCT_BUNDLE_IDENTIFIER = com.changba.ktv;
				PRODUCT_NAME = "$(TARGET_NAME)";
			};
			name = Debug;
		};
		EC01B2A11F57ECCB00136B35 /* Release */ = {
			isa = XCBuildConfiguration;
			buildSettings = {
				ASSETCATALOG_COMPILER_APPICON_NAME = AppIcon;
				DEVELOPMENT_TEAM = 2EN49MUBLA;
				INFOPLIST_FILE = HelloArrow/Info.plist;
				LD_RUNPATH_SEARCH_PATHS = "$(inherited) @executable_path/Frameworks";
				PRODUCT_BUNDLE_IDENTIFIER = com.changba.ktv;
				PRODUCT_NAME = "$(TARGET_NAME)";
			};
			name = Release;
		};
/* End XCBuildConfiguration section */

/* Begin XCConfigurationList section */
		EC01B2831F57ECCB00136B35 /* Build configuration list for PBXProject "HelloArrow" */ = {
			isa = XCConfigurationList;
			buildConfigurations = (
				EC01B29D1F57ECCB00136B35 /* Debug */,
				EC01B29E1F57ECCB00136B35 /* Release */,
			);
			defaultConfigurationIsVisible = 0;
			defaultConfigurationName = Release;
		};
		EC01B29F1F57ECCB00136B35 /* Build configuration list for PBXNativeTarget "HelloArrow" */ = {
			isa = XCConfigurationList;
			buildConfigurations = (
				EC01B2A01F57ECCB00136B35 /* Debug */,
				EC01B2A11F57ECCB00136B35 /* Release */,
			);
			defaultConfigurationIsVisible = 0;
			defaultConfigurationName = Release;
		};
/* End XCConfigurationList section */
	};
	rootObject = EC01B2801F57ECCB00136B35 /* Project object */;
}
